
Microsoft Visual Studio Solution File, Format Version 12.00
# Visual Studio Version 16
VisualStudioVersion = 16.0.31424.327
MinimumVisualStudioVersion = 10.0.40219.1
Project("{FAE04EC0-301F-11D3-BF4B-00C04F79EFBC}") = "Cinema", "Cinema\Cinema.csproj", "{87FFE7A4-DFCB-4CAB-9B3A-794D161D33A2}"
EndProject
Project("{FAE04EC0-301F-11D3-BF4B-00C04F79EFBC}") = "SummerOutfit", "SummerOutfit\SummerOutfit.csproj", "{04FCAC98-19DD-4E3D-8430-AFCBACEE0BE6}"
EndProject
Project("{FAE04EC0-301F-11D3-BF4B-00C04F79EFBC}") = "NewHouse", "NewHouse\NewHouse.csproj", "{DB5CCD0E-1E6E-4BCB-B2EB-898B13E37A11}"
EndProject
Project("{FAE04EC0-301F-11D3-BF4B-00C04F79EFBC}") = "FishingBoat", "FishingBoat\FishingBoat.csproj", "{11FD0A0B-D52B-444D-BAD5-91D4FF2F4A3B}"
EndProject
Project("{FAE04EC0-301F-11D3-BF4B-00C04F79EFBC}") = "Journey", "Journey\Journey.csproj", "{6A8D0144-683B-4CB4-BF1F-A8531F4FBE5C}"
EndProject
Project("{FAE04EC0-301F-11D3-BF4B-00C04F79EFBC}") = "OperationsBetweenNumbers", "OperationsBetweenNumbers\OperationsBetweenNumbers.csproj", "{488C2367-7EE7-4D20-9ED7-33F51AD00DD7}"
EndProject
Project("{FAE04EC0-301F-11D3-BF4B-00C04F79EFBC}") = "HotelRoom", "HotelRoom\HotelRoom.csproj", "{6F2C985E-6B61-498C-ABD0-32D5CCB901BE}"
EndProject
Project("{FAE04EC0-301F-11D3-BF4B-00C04F79EFBC}") = "OnTimeForExam", "OnTimeForExam\OnTimeForExam.csproj", "{7E48E061-48BF-4C0C-A560-774599736107}"
EndProject
Project("{FAE04EC0-301F-11D3-BF4B-00C04F79EFBC}") = "Volleyball", "Volleyball\Volleyball.csproj", "{0AD885AA-F179-4E67-A2E8-AD530F7232BC}"
EndProject
Global
	GlobalSection(SolutionConfigurationPlatforms) = preSolution
		Debug|Any CPU = Debug|Any CPU
		Release|Any CPU = Release|Any CPU
	EndGlobalSection
	GlobalSection(ProjectConfigurationPlatforms) = postSolution
		{87FFE7A4-DFCB-4CAB-9B3A-794D161D33A2}.Debug|Any CPU.ActiveCfg = Debug|Any CPU
		{87FFE7A4-DFCB-4CAB-9B3A-794D161D33A2}.Debug|Any CPU.Build.0 = Debug|Any CPU
		{87FFE7A4-DFCB-4CAB-9B3A-794D161D33A2}.Release|Any CPU.ActiveCfg = Release|Any CPU
		{87FFE7A4-DFCB-4CAB-9B3A-794D161D33A2}.Release|Any CPU.Build.0 = Release|Any CPU
		{04FCAC98-19DD-4E3D-8430-AFCBACEE0BE6}.Debug|Any CPU.ActiveCfg = Debug|Any CPU
		{04FCAC98-19DD-4E3D-8430-AFCBACEE0BE6}.Debug|Any CPU.Build.0 = Debug|Any CPU
		{04FCAC98-19DD-4E3D-8430-AFCBACEE0BE6}.Release|Any CPU.ActiveCfg = Release|Any CPU
		{04FCAC98-19DD-4E3D-8430-AFCBACEE0BE6}.Release|Any CPU.Build.0 = Release|Any CPU
		{DB5CCD0E-1E6E-4BCB-B2EB-898B13E37A11}.Debug|Any CPU.ActiveCfg = Debug|Any CPU
		{DB5CCD0E-1E6E-4BCB-B2EB-898B13E37A11}.Debug|Any CPU.Build.0 = Debug|Any CPU
		{DB5CCD0E-1E6E-4BCB-B2EB-898B13E37A11}.Release|Any CPU.ActiveCfg = Release|Any CPU
		{DB5CCD0E-1E6E-4BCB-B2EB-898B13E37A11}.Release|Any CPU.Build.0 = Release|Any CPU
		{11FD0A0B-D52B-444D-BAD5-91D4FF2F4A3B}.Debug|Any CPU.ActiveCfg = Debug|Any CPU
		{11FD0A0B-D52B-444D-BAD5-91D4FF2F4A3B}.Debug|Any CPU.Build.0 = Debug|Any CPU
		{11FD0A0B-D52B-444D-BAD5-91D4FF2F4A3B}.Release|Any CPU.ActiveCfg = Release|Any CPU
		{11FD0A0B-D52B-444D-BAD5-91D4FF2F4A3B}.Release|Any CPU.Build.0 = Release|Any CPU
		{6A8D0144-683B-4CB4-BF1F-A8531F4FBE5C}.Debug|Any CPU.ActiveCfg = Debug|Any CPU
		{6A8D0144-683B-4CB4-BF1F-A8531F4FBE5C}.Debug|Any CPU.Build.0 = Debug|Any CPU
		{6A8D0144-683B-4CB4-BF1F-A8531F4FBE5C}.Release|Any CPU.ActiveCfg = Release|Any CPU
		{6A8D0144-683B-4CB4-BF1F-A8531F4FBE5C}.Release|Any CPU.Build.0 = Release|Any CPU
		{488C2367-7EE7-4D20-9ED7-33F51AD00DD7}.Debug|Any CPU.ActiveCfg = Debug|Any CPU
		{488C2367-7EE7-4D20-9ED7-33F51AD00DD7}.Debug|Any CPU.Build.0 = Debug|Any CPU
		{488C2367-7EE7-4D20-9ED7-33F51AD00DD7}.Release|Any CPU.ActiveCfg = Release|Any CPU
		{488C2367-7EE7-4D20-9ED7-33F51AD00DD7}.Release|Any CPU.Build.0 = Release|Any CPU
		{6F2C985E-6B61-498C-ABD0-32D5CCB901BE}.Debug|Any CPU.ActiveCfg = Debug|Any CPU
		{6F2C985E-6B61-498C-ABD0-32D5CCB901BE}.Debug|Any CPU.Build.0 = Debug|Any CPU
		{6F2C985E-6B61-498C-ABD0-32D5CCB901BE}.Release|Any CPU.ActiveCfg = Release|Any CPU
		{6F2C985E-6B61-498C-ABD0-32D5CCB901BE}.Release|Any CPU.Build.0 = Release|Any CPU
		{7E48E061-48BF-4C0C-A560-774599736107}.Debug|Any CPU.ActiveCfg = Debug|Any CPU
		{7E48E061-48BF-4C0C-A560-774599736107}.Debug|Any CPU.Build.0 = Debug|Any CPU
		{7E48E061-48BF-4C0C-A560-774599736107}.Release|Any CPU.ActiveCfg = Release|Any CPU
		{7E48E061-48BF-4C0C-A560-774599736107}.Release|Any CPU.Build.0 = Release|Any CPU
		{0AD885AA-F179-4E67-A2E8-AD530F7232BC}.Debug|Any CPU.ActiveCfg = Debug|Any CPU
		{0AD885AA-F179-4E67-A2E8-AD530F7232BC}.Debug|Any CPU.Build.0 = Debug|Any CPU
		{0AD885AA-F179-4E67-A2E8-AD530F7232BC}.Release|Any CPU.ActiveCfg = Release|Any CPU
		{0AD885AA-F179-4E67-A2E8-AD530F7232BC}.Release|Any CPU.Build.0 = Release|Any CPU
	EndGlobalSection
	GlobalSection(SolutionProperties) = preSolution
		HideSolutionNode = FALSE
	EndGlobalSection
	GlobalSection(ExtensibilityGlobals) = postSolution
		SolutionGuid = {E1EAC4C0-15EB-408C-8BC5-D7F3ED60C603}
	EndGlobalSection
EndGlobal
